<?xml version="1.0" encoding="utf-8"?>
<Project ToolsVersion="4.0" xmlns="http://schemas.microsoft.com/developer/msbuild/2003">
  <ItemGroup>
    <Filter Include="源文件">
      <UniqueIdentifier>{4FC737F1-C7A5-4376-A066-2A32D752A2FF}</UniqueIdentifier>
      <Extensions>cpp;c;cc;cxx;c++;cppm;ixx;def;odl;idl;hpj;bat;asm;asmx</Extensions>
    </Filter>
    <Filter Include="头文件">
      <UniqueIdentifier>{93995380-89BD-4b04-88EB-625FBE52EBFB}</UniqueIdentifier>
      <Extensions>h;hh;hpp;hxx;h++;hm;inl;inc;ipp;xsd</Extensions>
    </Filter>
    <Filter Include="资源文件">
      <UniqueIdentifier>{67DA6AB6-F800-4c08-8B7A-83BB121AAD01}</UniqueIdentifier>
      <Extensions>rc;ico;cur;bmp;dlg;rc2;rct;bin;rgs;gif;jpg;jpeg;jpe;resx;tiff;tif;png;wav;mfcribbon-ms</Extensions>
    </Filter>
    <Filter Include="头文件\Geometry">
      <UniqueIdentifier>{46fb263f-d5e0-44ea-9fbf-357200a593d5}</UniqueIdentifier>
    </Filter>
    <Filter Include="源文件\Geometry">
      <UniqueIdentifier>{0cbb106f-8501-4381-b21f-321df6f0aa56}</UniqueIdentifier>
    </Filter>
    <Filter Include="头文件\CV">
      <UniqueIdentifier>{d820c2dc-3035-47c0-8355-0c662c51d389}</UniqueIdentifier>
    </Filter>
    <Filter Include="源文件\CV">
      <UniqueIdentifier>{59fbc03a-5560-4280-9d2d-1bb7fcf4c3e7}</UniqueIdentifier>
    </Filter>
    <Filter Include="头文件\Desktop">
      <UniqueIdentifier>{395ce85a-ad0d-429f-9534-7380f5dcb16a}</UniqueIdentifier>
    </Filter>
    <Filter Include="源文件\Desktop">
      <UniqueIdentifier>{9ab71077-78ef-4c64-8c9a-c83244157f45}</UniqueIdentifier>
    </Filter>
  </ItemGroup>
  <ItemGroup>
    <ClInclude Include="GB_BaseTypes.h">
      <Filter>头文件</Filter>
    </ClInclude>
    <ClInclude Include="GB_Utility.h">
      <Filter>头文件</Filter>
    </ClInclude>
    <ClInclude Include="GB_Timer.h">
      <Filter>头文件</Filter>
    </ClInclude>
    <ClInclude Include="GlobalBasePort.h">
      <Filter>头文件</Filter>
    </ClInclude>
    <ClInclude Include="GB_Utf8String.h">
      <Filter>头文件</Filter>
    </ClInclude>
    <ClInclude Include="GB_SysInfo.h">
      <Filter>头文件</Filter>
    </ClInclude>
    <ClInclude Include="GB_Crypto.h">
      <Filter>头文件</Filter>
    </ClInclude>
    <ClInclude Include="GB_Logger.h">
      <Filter>头文件</Filter>
    </ClInclude>
    <ClInclude Include="GB_Config.h">
      <Filter>头文件</Filter>
    </ClInclude>
    <ClInclude Include="GB_FileSystem.h">
      <Filter>头文件</Filter>
    </ClInclude>
    <ClInclude Include="GB_IO.h">
      <Filter>头文件</Filter>
    </ClInclude>
    <ClInclude Include="GB_ReadWriteLock.h">
      <Filter>头文件</Filter>
    </ClInclude>
    <ClInclude Include="GB_DataCache.h">
      <Filter>头文件</Filter>
    </ClInclude>
    <ClInclude Include="GB_SmbAccessor.h">
      <Filter>头文件</Filter>
    </ClInclude>
    <ClInclude Include="GB_ThreadPool.h">
      <Filter>头文件</Filter>
    </ClInclude>
    <ClInclude Include="Geometry\GB_Vector2d.h">
      <Filter>头文件\Geometry</Filter>
    </ClInclude>
    <ClInclude Include="GB_Math.h">
      <Filter>头文件</Filter>
    </ClInclude>
    <ClInclude Include="Geometry\GB_GeometryInterface.h">
      <Filter>头文件\Geometry</Filter>
    </ClInclude>
    <ClInclude Include="Geometry\GB_Matrix3x3.h">
      <Filter>头文件\Geometry</Filter>
    </ClInclude>
    <ClInclude Include="Geometry\GB_Point2d.h">
      <Filter>头文件\Geometry</Filter>
    </ClInclude>
    <ClInclude Include="Geometry\GB_Rectangle.h">
      <Filter>头文件\Geometry</Filter>
    </ClInclude>
    <ClInclude Include="GB_Process.h">
      <Filter>头文件</Filter>
    </ClInclude>
    <ClInclude Include="GB_Network.h">
      <Filter>头文件</Filter>
    </ClInclude>
    <ClInclude Include="GB_Interval.h">
      <Filter>头文件</Filter>
    </ClInclude>
    <ClInclude Include="GB_DateTime.h">
      <Filter>头文件</Filter>
    </ClInclude>
    <ClInclude Include="Geometry\GB_Polygon.h">
      <Filter>头文件\Geometry</Filter>
    </ClInclude>
    <ClInclude Include="GB_DelayLoadRuntime.h">
      <Filter>头文件</Filter>
    </ClInclude>
    <ClInclude Include="CV\GB_ColorRGBA.h">
      <Filter>头文件\CV</Filter>
    </ClInclude>
    <ClInclude Include="CV\GB_Image.h">
      <Filter>头文件\CV</Filter>
    </ClInclude>
    <ClInclude Include="GB_Variant.h">
      <Filter>头文件</Filter>
    </ClInclude>
    <ClInclude Include="GB_FormatParser.h">
      <Filter>头文件</Filter>
    </ClInclude>
    <ClInclude Include="Desktop\GB_Screen.h">
      <Filter>头文件\Desktop</Filter>
    </ClInclude>
    <ClInclude Include="Desktop\GB_Mouse.h">
      <Filter>头文件\Desktop</Filter>
    </ClInclude>
  </ItemGroup>
  <ItemGroup>
    <ClCompile Include="GB_Utf8String.cpp">
      <Filter>源文件</Filter>
    </ClCompile>
    <ClCompile Include="GB_Utility.cpp">
      <Filter>源文件</Filter>
    </ClCompile>
    <ClCompile Include="GB_SysInfo.cpp">
      <Filter>源文件</Filter>
    </ClCompile>
    <ClCompile Include="GB_Crypto.cpp">
      <Filter>源文件</Filter>
    </ClCompile>
    <ClCompile Include="GB_Logger.cpp">
      <Filter>源文件</Filter>
    </ClCompile>
    <ClCompile Include="GB_Config.cpp">
      <Filter>源文件</Filter>
    </ClCompile>
    <ClCompile Include="GB_FileSystem.cpp">
      <Filter>源文件</Filter>
    </ClCompile>
    <ClCompile Include="GB_IO.cpp">
      <Filter>源文件</Filter>
    </ClCompile>
    <ClCompile Include="GB_Timer.cpp">
      <Filter>源文件</Filter>
    </ClCompile>
    <ClCompile Include="GB_ReadWriteLock.cpp">
      <Filter>源文件</Filter>
    </ClCompile>
    <ClCompile Include="GB_DataCache.cpp">
      <Filter>源文件</Filter>
    </ClCompile>
    <ClCompile Include="GB_SmbAccessor.cpp">
      <Filter>源文件</Filter>
    </ClCompile>
    <ClCompile Include="GB_ThreadPool.cpp">
      <Filter>源文件</Filter>
    </ClCompile>
    <ClCompile Include="Geometry\GB_Vector2d.cpp">
      <Filter>源文件\Geometry</Filter>
    </ClCompile>
    <ClCompile Include="Geometry\GB_GeometryInterface.cpp">
      <Filter>源文件\Geometry</Filter>
    </ClCompile>
    <ClCompile Include="Geometry\GB_Matrix3x3.cpp">
      <Filter>源文件\Geometry</Filter>
    </ClCompile>
    <ClCompile Include="Geometry\GB_Point2d.cpp">
      <Filter>源文件\Geometry</Filter>
    </ClCompile>
    <ClCompile Include="Geometry\GB_Rectangle.cpp">
      <Filter>源文件\Geometry</Filter>
    </ClCompile>
    <ClCompile Include="GB_Process.cpp">
      <Filter>源文件</Filter>
    </ClCompile>
    <ClCompile Include="GB_Network.cpp">
      <Filter>源文件</Filter>
    </ClCompile>
    <ClCompile Include="GB_Math.cpp">
      <Filter>源文件</Filter>
    </ClCompile>
    <ClCompile Include="GB_DateTime.cpp">
      <Filter>源文件</Filter>
    </ClCompile>
    <ClCompile Include="Geometry\GB_Polygon.cpp">
      <Filter>源文件\Geometry</Filter>
    </ClCompile>
    <ClCompile Include="GB_DelayLoadRuntime.cpp">
      <Filter>源文件</Filter>
    </ClCompile>
    <ClCompile Include="GB_DllMain.cpp">
      <Filter>源文件</Filter>
    </ClCompile>
    <ClCompile Include="CV\GB_ColorRGBA.cpp">
      <Filter>源文件\CV</Filter>
    </ClCompile>
    <ClCompile Include="CV\GB_Image.cpp">
      <Filter>源文件\CV</Filter>
    </ClCompile>
    <ClCompile Include="GB_Variant.cpp">
      <Filter>源文件</Filter>
    </ClCompile>
    <ClCompile Include="GB_FormatParser.cpp">
      <Filter>源文件</Filter>
    </ClCompile>
    <ClCompile Include="Desktop\GB_Screen.cpp">
      <Filter>源文件\Desktop</Filter>
    </ClCompile>
    <ClCompile Include="Desktop\GB_Mouse.cpp">
      <Filter>源文件\Desktop</Filter>
    </ClCompile>
  </ItemGroup>
</Project>